
Microsoft Visual Studio Solution File, Format Version 12.00
# Visual Studio Version 17
VisualStudioVersion = 17.0.31903.59
MinimumVisualStudioVersion = 10.0.40219.1
Project("{FAE04EC0-301F-11D3-BF4B-00C04F79EFBC}") = "MiniFacturacion.Api", "MiniFacturacion.Api\MiniFacturacion.Api.csproj", "{7C1D36C6-EA3C-433D-86D4-03D9D64AC1D4}"
EndProject
Project("{FAE04EC0-301F-11D3-BF4B-00C04F79EFBC}") = "MiniFacturacion.Application", "MiniFacturacion.Application\MiniFacturacion.Application.csproj", "{ABD3AC7A-949B-400E-909D-ACE04768058B}"
EndProject
Project("{FAE04EC0-301F-11D3-BF4B-00C04F79EFBC}") = "MiniFacturacion.Infrastructure", "MiniFacturacion.Infrastructure\MiniFacturacion.Infrastructure.csproj", "{BA0B4430-499A-4658-99CD-90FE4FA06362}"
EndProject
Project("{FAE04EC0-301F-11D3-BF4B-00C04F79EFBC}") = "MiniFacturacion.Domain", "MiniFacturacion.Domain\MiniFacturacion.Domain.csproj", "{9BA145FC-A052-4582-B19D-0A5F3E2E6664}"
EndProject
Global
	GlobalSection(SolutionConfigurationPlatforms) = preSolution
		Debug|Any CPU = Debug|Any CPU
		Debug|x64 = Debug|x64
		Debug|x86 = Debug|x86
		Release|Any CPU = Release|Any CPU
		Release|x64 = Release|x64
		Release|x86 = Release|x86
	EndGlobalSection
	GlobalSection(ProjectConfigurationPlatforms) = postSolution
		{7C1D36C6-EA3C-433D-86D4-03D9D64AC1D4}.Debug|Any CPU.ActiveCfg = Debug|Any CPU
		{7C1D36C6-EA3C-433D-86D4-03D9D64AC1D4}.Debug|Any CPU.Build.0 = Debug|Any CPU
		{7C1D36C6-EA3C-433D-86D4-03D9D64AC1D4}.Debug|x64.ActiveCfg = Debug|Any CPU
		{7C1D36C6-EA3C-433D-86D4-03D9D64AC1D4}.Debug|x64.Build.0 = Debug|Any CPU
		{7C1D36C6-EA3C-433D-86D4-03D9D64AC1D4}.Debug|x86.ActiveCfg = Debug|Any CPU
		{7C1D36C6-EA3C-433D-86D4-03D9D64AC1D4}.Debug|x86.Build.0 = Debug|Any CPU
		{7C1D36C6-EA3C-433D-86D4-03D9D64AC1D4}.Release|Any CPU.ActiveCfg = Release|Any CPU
		{7C1D36C6-EA3C-433D-86D4-03D9D64AC1D4}.Release|Any CPU.Build.0 = Release|Any CPU
		{7C1D36C6-EA3C-433D-86D4-03D9D64AC1D4}.Release|x64.ActiveCfg = Release|Any CPU
		{7C1D36C6-EA3C-433D-86D4-03D9D64AC1D4}.Release|x64.Build.0 = Release|Any CPU
		{7C1D36C6-EA3C-433D-86D4-03D9D64AC1D4}.Release|x86.ActiveCfg = Release|Any CPU
		{7C1D36C6-EA3C-433D-86D4-03D9D64AC1D4}.Release|x86.Build.0 = Release|Any CPU
		{ABD3AC7A-949B-400E-909D-ACE04768058B}.Debug|Any CPU.ActiveCfg = Debug|Any CPU
		{ABD3AC7A-949B-400E-909D-ACE04768058B}.Debug|Any CPU.Build.0 = Debug|Any CPU
		{ABD3AC7A-949B-400E-909D-ACE04768058B}.Debug|x64.ActiveCfg = Debug|Any CPU
		{ABD3AC7A-949B-400E-909D-ACE04768058B}.Debug|x64.Build.0 = Debug|Any CPU
		{ABD3AC7A-949B-400E-909D-ACE04768058B}.Debug|x86.ActiveCfg = Debug|Any CPU
		{ABD3AC7A-949B-400E-909D-ACE04768058B}.Debug|x86.Build.0 = Debug|Any CPU
		{ABD3AC7A-949B-400E-909D-ACE04768058B}.Release|Any CPU.ActiveCfg = Release|Any CPU
		{ABD3AC7A-949B-400E-909D-ACE04768058B}.Release|Any CPU.Build.0 = Release|Any CPU
		{ABD3AC7A-949B-400E-909D-ACE04768058B}.Release|x64.ActiveCfg = Release|Any CPU
		{ABD3AC7A-949B-400E-909D-ACE04768058B}.Release|x64.Build.0 = Release|Any CPU
		{ABD3AC7A-949B-400E-909D-ACE04768058B}.Release|x86.ActiveCfg = Release|Any CPU
		{ABD3AC7A-949B-400E-909D-ACE04768058B}.Release|x86.Build.0 = Release|Any CPU
		{BA0B4430-499A-4658-99CD-90FE4FA06362}.Debug|Any CPU.ActiveCfg = Debug|Any CPU
		{BA0B4430-499A-4658-99CD-90FE4FA06362}.Debug|Any CPU.Build.0 = Debug|Any CPU
		{BA0B4430-499A-4658-99CD-90FE4FA06362}.Debug|x64.ActiveCfg = Debug|Any CPU
		{BA0B4430-499A-4658-99CD-90FE4FA06362}.Debug|x64.Build.0 = Debug|Any CPU
		{BA0B4430-499A-4658-99CD-90FE4FA06362}.Debug|x86.ActiveCfg = Debug|Any CPU
		{BA0B4430-499A-4658-99CD-90FE4FA06362}.Debug|x86.Build.0 = Debug|Any CPU
		{BA0B4430-499A-4658-99CD-90FE4FA06362}.Release|Any CPU.ActiveCfg = Release|Any CPU
		{BA0B4430-499A-4658-99CD-90FE4FA06362}.Release|Any CPU.Build.0 = Release|Any CPU
		{BA0B4430-499A-4658-99CD-90FE4FA06362}.Release|x64.ActiveCfg = Release|Any CPU
		{BA0B4430-499A-4658-99CD-90FE4FA06362}.Release|x64.Build.0 = Release|Any CPU
		{BA0B4430-499A-4658-99CD-90FE4FA06362}.Release|x86.ActiveCfg = Release|Any CPU
		{BA0B4430-499A-4658-99CD-90FE4FA06362}.Release|x86.Build.0 = Release|Any CPU
		{9BA145FC-A052-4582-B19D-0A5F3E2E6664}.Debug|Any CPU.ActiveCfg = Debug|Any CPU
		{9BA145FC-A052-4582-B19D-0A5F3E2E6664}.Debug|Any CPU.Build.0 = Debug|Any CPU
		{9BA145FC-A052-4582-B19D-0A5F3E2E6664}.Debug|x64.ActiveCfg = Debug|Any CPU
		{9BA145FC-A052-4582-B19D-0A5F3E2E6664}.Debug|x64.Build.0 = Debug|Any CPU
		{9BA145FC-A052-4582-B19D-0A5F3E2E6664}.Debug|x86.ActiveCfg = Debug|Any CPU
		{9BA145FC-A052-4582-B19D-0A5F3E2E6664}.Debug|x86.Build.0 = Debug|Any CPU
		{9BA145FC-A052-4582-B19D-0A5F3E2E6664}.Release|Any CPU.ActiveCfg = Release|Any CPU
		{9BA145FC-A052-4582-B19D-0A5F3E2E6664}.Release|Any CPU.Build.0 = Release|Any CPU
		{9BA145FC-A052-4582-B19D-0A5F3E2E6664}.Release|x64.ActiveCfg = Release|Any CPU
		{9BA145FC-A052-4582-B19D-0A5F3E2E6664}.Release|x64.Build.0 = Release|Any CPU
		{9BA145FC-A052-4582-B19D-0A5F3E2E6664}.Release|x86.ActiveCfg = Release|Any CPU
		{9BA145FC-A052-4582-B19D-0A5F3E2E6664}.Release|x86.Build.0 = Release|Any CPU
	EndGlobalSection
	GlobalSection(SolutionProperties) = preSolution
		HideSolutionNode = FALSE
	EndGlobalSection
EndGlobal
